
Microsoft Visual Studio Solution File, Format Version 12.00
# Visual Studio Version 17
VisualStudioVersion = 17.2.32616.157
MinimumVisualStudioVersion = 10.0.40219.1
Project("{FAE04EC0-301F-11D3-BF4B-00C04F79EFBC}") = "CompanyEmployees.Api", "CompanyEmployees.Api\CompanyEmployees.Api.csproj", "{EE340535-0D4F-4BB1-98EB-8813417529FE}"
EndProject
Project("{FAE04EC0-301F-11D3-BF4B-00C04F79EFBC}") = "CompanyEmployees.Core", "CompanyEmployees.Core\CompanyEmployees.Core.csproj", "{54D3C5E1-2C58-4134-ACD2-421857B3F22D}"
EndProject
Project("{FAE04EC0-301F-11D3-BF4B-00C04F79EFBC}") = "CompanyEmployees.Infrastructure", "CompanyEmployees.Infrastructure\CompanyEmployees.Infrastructure.csproj", "{927E279A-F6DE-448F-B35F-D92AA3B88128}"
EndProject
Global
	GlobalSection(SolutionConfigurationPlatforms) = preSolution
		Debug|Any CPU = Debug|Any CPU
		Release|Any CPU = Release|Any CPU
	EndGlobalSection
	GlobalSection(ProjectConfigurationPlatforms) = postSolution
		{EE340535-0D4F-4BB1-98EB-8813417529FE}.Debug|Any CPU.ActiveCfg = Debug|Any CPU
		{EE340535-0D4F-4BB1-98EB-8813417529FE}.Debug|Any CPU.Build.0 = Debug|Any CPU
		{EE340535-0D4F-4BB1-98EB-8813417529FE}.Release|Any CPU.ActiveCfg = Release|Any CPU
		{EE340535-0D4F-4BB1-98EB-8813417529FE}.Release|Any CPU.Build.0 = Release|Any CPU
		{54D3C5E1-2C58-4134-ACD2-421857B3F22D}.Debug|Any CPU.ActiveCfg = Debug|Any CPU
		{54D3C5E1-2C58-4134-ACD2-421857B3F22D}.Debug|Any CPU.Build.0 = Debug|Any CPU
		{54D3C5E1-2C58-4134-ACD2-421857B3F22D}.Release|Any CPU.ActiveCfg = Release|Any CPU
		{54D3C5E1-2C58-4134-ACD2-421857B3F22D}.Release|Any CPU.Build.0 = Release|Any CPU
		{927E279A-F6DE-448F-B35F-D92AA3B88128}.Debug|Any CPU.ActiveCfg = Debug|Any CPU
		{927E279A-F6DE-448F-B35F-D92AA3B88128}.Debug|Any CPU.Build.0 = Debug|Any CPU
		{927E279A-F6DE-448F-B35F-D92AA3B88128}.Release|Any CPU.ActiveCfg = Release|Any CPU
		{927E279A-F6DE-448F-B35F-D92AA3B88128}.Release|Any CPU.Build.0 = Release|Any CPU
	EndGlobalSection
	GlobalSection(SolutionProperties) = preSolution
		HideSolutionNode = FALSE
	EndGlobalSection
	GlobalSection(ExtensibilityGlobals) = postSolution
		SolutionGuid = {DAD8EDBA-E3A4-489B-870B-1A9FF17D64B7}
	EndGlobalSection
EndGlobal
