
Microsoft Visual Studio Solution File, Format Version 12.00
# Visual Studio Version 17
VisualStudioVersion = 17.2.32616.157
MinimumVisualStudioVersion = 10.0.40219.1
Project("{FAE04EC0-301F-11D3-BF4B-00C04F79EFBC}") = "CompanyEmployees.Api", "CompanyEmployees.Api\CompanyEmployees.Api.csproj", "{EE340535-0D4F-4BB1-98EB-8813417529FE}"
EndProject
Global
	GlobalSection(SolutionConfigurationPlatforms) = preSolution
		Debug|Any CPU = Debug|Any CPU
		Release|Any CPU = Release|Any CPU
	EndGlobalSection
	GlobalSection(ProjectConfigurationPlatforms) = postSolution
		{EE340535-0D4F-4BB1-98EB-8813417529FE}.Debug|Any CPU.ActiveCfg = Debug|Any CPU
		{EE340535-0D4F-4BB1-98EB-8813417529FE}.Debug|Any CPU.Build.0 = Debug|Any CPU
		{EE340535-0D4F-4BB1-98EB-8813417529FE}.Release|Any CPU.ActiveCfg = Release|Any CPU
		{EE340535-0D4F-4BB1-98EB-8813417529FE}.Release|Any CPU.Build.0 = Release|Any CPU
	EndGlobalSection
	GlobalSection(SolutionProperties) = preSolution
		HideSolutionNode = FALSE
	EndGlobalSection
	GlobalSection(ExtensibilityGlobals) = postSolution
		SolutionGuid = {DAD8EDBA-E3A4-489B-870B-1A9FF17D64B7}
	EndGlobalSection
EndGlobal
